<?xml version="1.0" encoding="utf-8"?>
<Project ToolsVersion="4.0" xmlns="http://schemas.microsoft.com/developer/msbuild/2003">
  <ItemGroup>
    <Filter Include="Src">
      <UniqueIdentifier>{4FC737F1-C7A5-4376-A066-2A32D752A2FF}</UniqueIdentifier>
      <Extensions>cpp;c;cc;cxx;def;odl;idl;hpj;bat;asm;asmx</Extensions>
    </Filter>
    <Filter Include="Header">
      <UniqueIdentifier>{93995380-89BD-4b04-88EB-625FBE52EBFB}</UniqueIdentifier>
      <Extensions>h;hpp;hxx;hm;inl;inc;xsd</Extensions>
    </Filter>
    <Filter Include="Resource">
      <UniqueIdentifier>{67DA6AB6-F800-4c08-8B7A-83BB121AAD01}</UniqueIdentifier>
      <Extensions>rc;ico;cur;bmp;dlg;rc2;rct;bin;rgs;gif;jpg;jpeg;jpe;resx;tiff;tif;png;wav</Extensions>
    </Filter>
  </ItemGroup>
  <ItemGroup>
    <ClCompile Include="Ms.c">
      <Filter>Src</Filter>
    </ClCompile>
    <ClCompile Include="NdisDriverUser.c">
      <Filter>Src</Filter>
    </ClCompile>
    <ClCompile Include="Packet32.c">
      <Filter>Src</Filter>
    </ClCompile>
    <ClCompile Include="SeMemory.c">
      <Filter>Src</Filter>
    </ClCompile>
    <ClCompile Include="SeStr.c">
      <Filter>Src</Filter>
    </ClCompile>
    <ClCompile Include="win_bpf_filter.c">
      <Filter>Src</Filter>
    </ClCompile>
  </ItemGroup>
  <ItemGroup>
    <None Include="Packet.def">
      <Filter>Src</Filter>
    </None>
  </ItemGroup>
  <ItemGroup>
    <ClInclude Include="Ms.h">
      <Filter>Header</Filter>
    </ClInclude>
    <ClInclude Include="NdisDriverUser.h">
      <Filter>Header</Filter>
    </ClInclude>
    <ClInclude Include="Packet32.h">
      <Filter>Header</Filter>
    </ClInclude>
    <ClInclude Include="Packet32_Internal.h">
      <Filter>Header</Filter>
    </ClInclude>
    <ClInclude Include="resource.h">
      <Filter>Header</Filter>
    </ClInclude>
    <ClInclude Include="Se.h">
      <Filter>Header</Filter>
    </ClInclude>
    <ClInclude Include="SeMemory.h">
      <Filter>Header</Filter>
    </ClInclude>
    <ClInclude Include="SeStr.h">
      <Filter>Header</Filter>
    </ClInclude>
    <ClInclude Include="SeTypes.h">
      <Filter>Header</Filter>
    </ClInclude>
    <ClInclude Include="valid_insns.h">
      <Filter>Header</Filter>
    </ClInclude>
    <ClInclude Include="win_bpf.h">
      <Filter>Header</Filter>
    </ClInclude>
  </ItemGroup>
  <ItemGroup>
    <ResourceCompile Include="Packet_dll.rc">
      <Filter>Resource</Filter>
    </ResourceCompile>
  </ItemGroup>
</Project>